
Microsoft Visual Studio Solution File, Format Version 12.00
# Visual Studio Version 17
VisualStudioVersion = 17.2.32616.157
MinimumVisualStudioVersion = 10.0.40219.1
Project("{FAE04EC0-301F-11D3-BF4B-00C04F79EFBC}") = "StaticExcersize", "StaticExcersize\StaticExcersize.csproj", "{0292F528-2FCE-4FDA-BA6D-A38D1756C344}"
EndProject
Global
	GlobalSection(SolutionConfigurationPlatforms) = preSolution
		Debug|Any CPU = Debug|Any CPU
		Release|Any CPU = Release|Any CPU
	EndGlobalSection
	GlobalSection(ProjectConfigurationPlatforms) = postSolution
		{0292F528-2FCE-4FDA-BA6D-A38D1756C344}.Debug|Any CPU.ActiveCfg = Debug|Any CPU
		{0292F528-2FCE-4FDA-BA6D-A38D1756C344}.Debug|Any CPU.Build.0 = Debug|Any CPU
		{0292F528-2FCE-4FDA-BA6D-A38D1756C344}.Release|Any CPU.ActiveCfg = Release|Any CPU
		{0292F528-2FCE-4FDA-BA6D-A38D1756C344}.Release|Any CPU.Build.0 = Release|Any CPU
	EndGlobalSection
	GlobalSection(SolutionProperties) = preSolution
		HideSolutionNode = FALSE
	EndGlobalSection
	GlobalSection(ExtensibilityGlobals) = postSolution
		SolutionGuid = {32A8DC27-AADC-4E67-B807-1F6CD90CBE04}
	EndGlobalSection
EndGlobal
